
Microsoft Visual Studio Solution File, Format Version 12.00
# Visual Studio Version 17
VisualStudioVersion = 17.0.31903.59
MinimumVisualStudioVersion = 10.0.40219.1
Project("{FAE04EC0-301F-11D3-BF4B-00C04F79EFBC}") = "Project.Domain", "Project.Domain\Project.Domain.csproj", "{3CAD8D9C-BAB3-4449-9A1B-95FF531EAB9F}"
EndProject
Project("{FAE04EC0-301F-11D3-BF4B-00C04F79EFBC}") = "Project.Infrastructure", "Project.Infrastructure\Project.Infrastructure.csproj", "{80C60B15-04CD-4861-AA79-9F1ABAAA5D8E}"
EndProject
Project("{FAE04EC0-301F-11D3-BF4B-00C04F79EFBC}") = "Project.Application", "Project.Application\Project.Application.csproj", "{8A3B2FD7-420D-4ACD-96FB-155135C4EE0D}"
EndProject
Project("{FAE04EC0-301F-11D3-BF4B-00C04F79EFBC}") = "Project.WebAPI", "Project.WebAPI\Project.WebAPI.csproj", "{26010E91-9A48-40B0-8E73-035BA2B8CAE3}"
EndProject
Global
	GlobalSection(SolutionConfigurationPlatforms) = preSolution
		Debug|Any CPU = Debug|Any CPU
		Debug|x64 = Debug|x64
		Debug|x86 = Debug|x86
		Release|Any CPU = Release|Any CPU
		Release|x64 = Release|x64
		Release|x86 = Release|x86
	EndGlobalSection
	GlobalSection(ProjectConfigurationPlatforms) = postSolution
		{3CAD8D9C-BAB3-4449-9A1B-95FF531EAB9F}.Debug|Any CPU.ActiveCfg = Debug|Any CPU
		{3CAD8D9C-BAB3-4449-9A1B-95FF531EAB9F}.Debug|Any CPU.Build.0 = Debug|Any CPU
		{3CAD8D9C-BAB3-4449-9A1B-95FF531EAB9F}.Debug|x64.ActiveCfg = Debug|Any CPU
		{3CAD8D9C-BAB3-4449-9A1B-95FF531EAB9F}.Debug|x64.Build.0 = Debug|Any CPU
		{3CAD8D9C-BAB3-4449-9A1B-95FF531EAB9F}.Debug|x86.ActiveCfg = Debug|Any CPU
		{3CAD8D9C-BAB3-4449-9A1B-95FF531EAB9F}.Debug|x86.Build.0 = Debug|Any CPU
		{3CAD8D9C-BAB3-4449-9A1B-95FF531EAB9F}.Release|Any CPU.ActiveCfg = Release|Any CPU
		{3CAD8D9C-BAB3-4449-9A1B-95FF531EAB9F}.Release|Any CPU.Build.0 = Release|Any CPU
		{3CAD8D9C-BAB3-4449-9A1B-95FF531EAB9F}.Release|x64.ActiveCfg = Release|Any CPU
		{3CAD8D9C-BAB3-4449-9A1B-95FF531EAB9F}.Release|x64.Build.0 = Release|Any CPU
		{3CAD8D9C-BAB3-4449-9A1B-95FF531EAB9F}.Release|x86.ActiveCfg = Release|Any CPU
		{3CAD8D9C-BAB3-4449-9A1B-95FF531EAB9F}.Release|x86.Build.0 = Release|Any CPU
		{80C60B15-04CD-4861-AA79-9F1ABAAA5D8E}.Debug|Any CPU.ActiveCfg = Debug|Any CPU
		{80C60B15-04CD-4861-AA79-9F1ABAAA5D8E}.Debug|Any CPU.Build.0 = Debug|Any CPU
		{80C60B15-04CD-4861-AA79-9F1ABAAA5D8E}.Debug|x64.ActiveCfg = Debug|Any CPU
		{80C60B15-04CD-4861-AA79-9F1ABAAA5D8E}.Debug|x64.Build.0 = Debug|Any CPU
		{80C60B15-04CD-4861-AA79-9F1ABAAA5D8E}.Debug|x86.ActiveCfg = Debug|Any CPU
		{80C60B15-04CD-4861-AA79-9F1ABAAA5D8E}.Debug|x86.Build.0 = Debug|Any CPU
		{80C60B15-04CD-4861-AA79-9F1ABAAA5D8E}.Release|Any CPU.ActiveCfg = Release|Any CPU
		{80C60B15-04CD-4861-AA79-9F1ABAAA5D8E}.Release|Any CPU.Build.0 = Release|Any CPU
		{80C60B15-04CD-4861-AA79-9F1ABAAA5D8E}.Release|x64.ActiveCfg = Release|Any CPU
		{80C60B15-04CD-4861-AA79-9F1ABAAA5D8E}.Release|x64.Build.0 = Release|Any CPU
		{80C60B15-04CD-4861-AA79-9F1ABAAA5D8E}.Release|x86.ActiveCfg = Release|Any CPU
		{80C60B15-04CD-4861-AA79-9F1ABAAA5D8E}.Release|x86.Build.0 = Release|Any CPU
		{8A3B2FD7-420D-4ACD-96FB-155135C4EE0D}.Debug|Any CPU.ActiveCfg = Debug|Any CPU
		{8A3B2FD7-420D-4ACD-96FB-155135C4EE0D}.Debug|Any CPU.Build.0 = Debug|Any CPU
		{8A3B2FD7-420D-4ACD-96FB-155135C4EE0D}.Debug|x64.ActiveCfg = Debug|Any CPU
		{8A3B2FD7-420D-4ACD-96FB-155135C4EE0D}.Debug|x64.Build.0 = Debug|Any CPU
		{8A3B2FD7-420D-4ACD-96FB-155135C4EE0D}.Debug|x86.ActiveCfg = Debug|Any CPU
		{8A3B2FD7-420D-4ACD-96FB-155135C4EE0D}.Debug|x86.Build.0 = Debug|Any CPU
		{8A3B2FD7-420D-4ACD-96FB-155135C4EE0D}.Release|Any CPU.ActiveCfg = Release|Any CPU
		{8A3B2FD7-420D-4ACD-96FB-155135C4EE0D}.Release|Any CPU.Build.0 = Release|Any CPU
		{8A3B2FD7-420D-4ACD-96FB-155135C4EE0D}.Release|x64.ActiveCfg = Release|Any CPU
		{8A3B2FD7-420D-4ACD-96FB-155135C4EE0D}.Release|x64.Build.0 = Release|Any CPU
		{8A3B2FD7-420D-4ACD-96FB-155135C4EE0D}.Release|x86.ActiveCfg = Release|Any CPU
		{8A3B2FD7-420D-4ACD-96FB-155135C4EE0D}.Release|x86.Build.0 = Release|Any CPU
		{26010E91-9A48-40B0-8E73-035BA2B8CAE3}.Debug|Any CPU.ActiveCfg = Debug|Any CPU
		{26010E91-9A48-40B0-8E73-035BA2B8CAE3}.Debug|Any CPU.Build.0 = Debug|Any CPU
		{26010E91-9A48-40B0-8E73-035BA2B8CAE3}.Debug|x64.ActiveCfg = Debug|Any CPU
		{26010E91-9A48-40B0-8E73-035BA2B8CAE3}.Debug|x64.Build.0 = Debug|Any CPU
		{26010E91-9A48-40B0-8E73-035BA2B8CAE3}.Debug|x86.ActiveCfg = Debug|Any CPU
		{26010E91-9A48-40B0-8E73-035BA2B8CAE3}.Debug|x86.Build.0 = Debug|Any CPU
		{26010E91-9A48-40B0-8E73-035BA2B8CAE3}.Release|Any CPU.ActiveCfg = Release|Any CPU
		{26010E91-9A48-40B0-8E73-035BA2B8CAE3}.Release|Any CPU.Build.0 = Release|Any CPU
		{26010E91-9A48-40B0-8E73-035BA2B8CAE3}.Release|x64.ActiveCfg = Release|Any CPU
		{26010E91-9A48-40B0-8E73-035BA2B8CAE3}.Release|x64.Build.0 = Release|Any CPU
		{26010E91-9A48-40B0-8E73-035BA2B8CAE3}.Release|x86.ActiveCfg = Release|Any CPU
		{26010E91-9A48-40B0-8E73-035BA2B8CAE3}.Release|x86.Build.0 = Release|Any CPU
	EndGlobalSection
	GlobalSection(SolutionProperties) = preSolution
		HideSolutionNode = FALSE
	EndGlobalSection
EndGlobal
